
Microsoft Visual Studio Solution File, Format Version 12.00
# Visual Studio Version 17
VisualStudioVersion = 17.4.33403.182
MinimumVisualStudioVersion = 10.0.40219.1
Project("{2150E333-8FDC-42A3-9474-1A3956D46DE8}") = "NtierDriversModule", "NtierDriversModule", "{7776DB05-F413-4EEB-912D-3B04E039DD8D}"
EndProject
Project("{2150E333-8FDC-42A3-9474-1A3956D46DE8}") = "NtierDbFakeGeneratorModule", "NtierDbFakeGeneratorModule", "{D264DFEE-3D4E-4C90-A8C0-1E2DE570F809}"
EndProject
Project("{2150E333-8FDC-42A3-9474-1A3956D46DE8}") = "AuthJWTModule", "AuthJWTModule", "{7F6C662C-9745-42DD-9FD8-6CBD9DD8675C}"
EndProject
Project("{2150E333-8FDC-42A3-9474-1A3956D46DE8}") = "Module_Orders", "Module_Orders", "{ABD51DD9-E7E1-4738-9CF4-B7C4015D9297}"
EndProject
Project("{9A19103F-16F7-4668-BE54-9A1E7A4F7556}") = "Drivers.DAL.ADO", "Drivers.DAL\Drivers.DAL.ADO.csproj", "{59DFA3C5-B745-4AE7-AAC1-9C0DD38344C9}"
EndProject
Project("{9A19103F-16F7-4668-BE54-9A1E7A4F7556}") = "Drivers.BLL", "Drivers.BLL\Drivers.BLL.csproj", "{6E9054A7-191A-482C-A943-85C81769263D}"
EndProject
Project("{9A19103F-16F7-4668-BE54-9A1E7A4F7556}") = "Drivers.Api", "DriversApi\Drivers.Api.csproj", "{801F8C89-4C24-4FBC-AB62-2A7AFB7AC67F}"
EndProject
Project("{9A19103F-16F7-4668-BE54-9A1E7A4F7556}") = "FakeDataDriverDbGenerator", "FakeDataDbGenerator\FakeDataDriverDbGenerator.csproj", "{065AE2A4-7E59-49C6-9DD0-3623698486FB}"
EndProject
Project("{2150E333-8FDC-42A3-9474-1A3956D46DE8}") = "Databases", "Databases", "{31D6E6E2-5D25-4065-923A-4BE227ABF405}"
EndProject
Project("{9A19103F-16F7-4668-BE54-9A1E7A4F7556}") = "Drivers.DAL.EF", "Drivers.DAL_EF\Drivers.DAL.EF.csproj", "{AE5CC0FF-6A84-4179-A318-4807020CD9F6}"
EndProject
Project("{2150E333-8FDC-42A3-9474-1A3956D46DE8}") = "WPF", "WPF", "{0F73B14D-B1F9-452B-81C4-697811948376}"
EndProject
Project("{9A19103F-16F7-4668-BE54-9A1E7A4F7556}") = "WPFDrivers", "WPFDrivers\WPFDrivers.csproj", "{AF882894-546D-437B-A1BF-6E779924032D}"
EndProject
Project("{00D1A9C2-B5F0-4AF3-8072-F6C62B433612}") = "Drivers.Db", "Drivers.Db\Drivers.Db.sqlproj", "{61316759-3E38-450E-AAEC-40EC53137F8E}"
EndProject
Project("{9A19103F-16F7-4668-BE54-9A1E7A4F7556}") = "AuthorizationModuleAPI", "AuthorizationModuleAPI\AuthorizationModuleAPI.csproj", "{2FA03A46-00B7-404C-B6D8-D0F5372327C9}"
EndProject
Project("{00D1A9C2-B5F0-4AF3-8072-F6C62B433612}") = "Drivers.JWT", "Drivers.JWT\Drivers.JWT.sqlproj", "{DA062081-4757-4F0B-876D-3E0037C471AA}"
EndProject
Project("{2150E333-8FDC-42A3-9474-1A3956D46DE8}") = "AuthIdentityModule", "AuthIdentityModule", "{7A42E8BF-A7D6-447B-B75F-867EC74B0F78}"
EndProject
Project("{2150E333-8FDC-42A3-9474-1A3956D46DE8}") = "AuthKeycloakModule", "AuthKeycloakModule", "{56856678-AFF5-49C4-A32A-46B27906A0AE}"
EndProject
Project("{2150E333-8FDC-42A3-9474-1A3956D46DE8}") = "Module_Drivers", "Module_Drivers", "{AE665EE3-A9B9-46E7-A118-8CECD34A2E6A}"
EndProject
Project("{2150E333-8FDC-42A3-9474-1A3956D46DE8}") = "Shared", "Shared", "{0BE3A612-B1A6-4854-8577-E95E8620D064}"
EndProject
Project("{2150E333-8FDC-42A3-9474-1A3956D46DE8}") = "Module_Reviews", "Module_Reviews", "{9EA63F78-2BBD-4978-9CAD-042F1AB45381}"
EndProject
Project("{9A19103F-16F7-4668-BE54-9A1E7A4F7556}") = "DriversBlogManagement", "DriversBlogManagement\src\DriversBlogManagement\DriversBlogManagement.csproj", "{84FD3434-DA3F-4335-8142-93E53E062E77}"
EndProject
Project("{9A19103F-16F7-4668-BE54-9A1E7A4F7556}") = "DriversBlogManagement.FunctionalTests", "DriversBlogManagement\tests\DriversBlogManagement.FunctionalTests\DriversBlogManagement.FunctionalTests.csproj", "{E5629569-1EDA-4121-94C5-09A290564049}"
EndProject
Project("{9A19103F-16F7-4668-BE54-9A1E7A4F7556}") = "DriversBlogManagement.IntegrationTests", "DriversBlogManagement\tests\DriversBlogManagement.IntegrationTests\DriversBlogManagement.IntegrationTests.csproj", "{D54DE0C5-2B92-4E12-B4B9-02B7C1ED5A9E}"
EndProject
Project("{9A19103F-16F7-4668-BE54-9A1E7A4F7556}") = "DriversBlogManagement.SharedTestHelpers", "DriversBlogManagement\tests\DriversBlogManagement.SharedTestHelpers\DriversBlogManagement.SharedTestHelpers.csproj", "{EE2B0D46-3E64-46A3-B18A-63815EDECD6D}"
EndProject
Project("{9A19103F-16F7-4668-BE54-9A1E7A4F7556}") = "DriversBlogManagement.UnitTests", "DriversBlogManagement\tests\DriversBlogManagement.UnitTests\DriversBlogManagement.UnitTests.csproj", "{B44D4A2A-5DF2-4242-A5E4-FD82D4E15624}"
EndProject
Project("{9A19103F-16F7-4668-BE54-9A1E7A4F7556}") = "KeycloakPulumiAuth", "KeycloakPulumiAuth\KeycloakPulumiAuth.csproj", "{8CB25097-4B13-4417-A180-CF5B0888E3AD}"
EndProject
Project("{9A19103F-16F7-4668-BE54-9A1E7A4F7556}") = "DriversManagement", "DriversManagement\src\DriversManagement\DriversManagement.csproj", "{1943982A-8D1E-45B4-9CC2-3D7F8A001C3B}"
EndProject
Project("{9A19103F-16F7-4668-BE54-9A1E7A4F7556}") = "DriversManagement.FunctionalTests", "DriversManagement\tests\DriversManagement.FunctionalTests\DriversManagement.FunctionalTests.csproj", "{22E1A712-5EDC-4A7E-8440-58858125D597}"
EndProject
Project("{9A19103F-16F7-4668-BE54-9A1E7A4F7556}") = "DriversManagement.IntegrationTests", "DriversManagement\tests\DriversManagement.IntegrationTests\DriversManagement.IntegrationTests.csproj", "{6638E614-ABAF-4A85-8428-629E7F7FA1DD}"
EndProject
Project("{9A19103F-16F7-4668-BE54-9A1E7A4F7556}") = "DriversManagement.SharedTestHelpers", "DriversManagement\tests\DriversManagement.SharedTestHelpers\DriversManagement.SharedTestHelpers.csproj", "{563419FC-CB7A-4BA1-B4AF-0B056AC9B4C2}"
EndProject
Project("{9A19103F-16F7-4668-BE54-9A1E7A4F7556}") = "DriversManagement.UnitTests", "DriversManagement\tests\DriversManagement.UnitTests\DriversManagement.UnitTests.csproj", "{B43E3945-AB93-4C28-95A1-6F575C8AC5EE}"
EndProject
Project("{9A19103F-16F7-4668-BE54-9A1E7A4F7556}") = "SharedKernel", "SharedKernel\SharedKernel.csproj", "{7A1473C5-AFCF-4061-82B3-1E1E4060DC5F}"
EndProject
Project("{2150E333-8FDC-42A3-9474-1A3956D46DE8}") = "Элементы решения", "Элементы решения", "{51D18FAD-0888-4A89-AFA5-605BF77E9297}"
	ProjectSection(SolutionItems) = preProject
		docker-compose.yaml = docker-compose.yaml
		..\Craftsman\DriversService.yaml = ..\Craftsman\DriversService.yaml
	EndProjectSection
EndProject
Project("{2150E333-8FDC-42A3-9474-1A3956D46DE8}") = "tests", "tests", "{F07F44D2-EF11-43E2-9E42-A4BE9D87B450}"
EndProject
Project("{2150E333-8FDC-42A3-9474-1A3956D46DE8}") = "Databases", "Databases", "{0A6E9442-4C01-4BB2-901A-F016382E9C90}"
EndProject
Global
	GlobalSection(SolutionConfigurationPlatforms) = preSolution
		Debug|Any CPU = Debug|Any CPU
		Release|Any CPU = Release|Any CPU
	EndGlobalSection
	GlobalSection(ProjectConfigurationPlatforms) = postSolution
		{59DFA3C5-B745-4AE7-AAC1-9C0DD38344C9}.Debug|Any CPU.ActiveCfg = Debug|Any CPU
		{59DFA3C5-B745-4AE7-AAC1-9C0DD38344C9}.Debug|Any CPU.Build.0 = Debug|Any CPU
		{59DFA3C5-B745-4AE7-AAC1-9C0DD38344C9}.Release|Any CPU.ActiveCfg = Release|Any CPU
		{6E9054A7-191A-482C-A943-85C81769263D}.Debug|Any CPU.ActiveCfg = Debug|Any CPU
		{6E9054A7-191A-482C-A943-85C81769263D}.Debug|Any CPU.Build.0 = Debug|Any CPU
		{6E9054A7-191A-482C-A943-85C81769263D}.Release|Any CPU.ActiveCfg = Release|Any CPU
		{801F8C89-4C24-4FBC-AB62-2A7AFB7AC67F}.Debug|Any CPU.ActiveCfg = Debug|Any CPU
		{801F8C89-4C24-4FBC-AB62-2A7AFB7AC67F}.Debug|Any CPU.Build.0 = Debug|Any CPU
		{801F8C89-4C24-4FBC-AB62-2A7AFB7AC67F}.Release|Any CPU.ActiveCfg = Release|Any CPU
		{065AE2A4-7E59-49C6-9DD0-3623698486FB}.Debug|Any CPU.ActiveCfg = Debug|Any CPU
		{065AE2A4-7E59-49C6-9DD0-3623698486FB}.Debug|Any CPU.Build.0 = Debug|Any CPU
		{065AE2A4-7E59-49C6-9DD0-3623698486FB}.Release|Any CPU.ActiveCfg = Release|Any CPU
		{AE5CC0FF-6A84-4179-A318-4807020CD9F6}.Debug|Any CPU.ActiveCfg = Debug|Any CPU
		{AE5CC0FF-6A84-4179-A318-4807020CD9F6}.Debug|Any CPU.Build.0 = Debug|Any CPU
		{AE5CC0FF-6A84-4179-A318-4807020CD9F6}.Release|Any CPU.ActiveCfg = Release|Any CPU
		{AF882894-546D-437B-A1BF-6E779924032D}.Debug|Any CPU.ActiveCfg = Debug|Any CPU
		{AF882894-546D-437B-A1BF-6E779924032D}.Debug|Any CPU.Build.0 = Debug|Any CPU
		{AF882894-546D-437B-A1BF-6E779924032D}.Release|Any CPU.ActiveCfg = Release|Any CPU
		{61316759-3E38-450E-AAEC-40EC53137F8E}.Debug|Any CPU.ActiveCfg = Debug|Any CPU
		{61316759-3E38-450E-AAEC-40EC53137F8E}.Debug|Any CPU.Build.0 = Debug|Any CPU
		{61316759-3E38-450E-AAEC-40EC53137F8E}.Release|Any CPU.ActiveCfg = Release|Any CPU
		{2FA03A46-00B7-404C-B6D8-D0F5372327C9}.Debug|Any CPU.ActiveCfg = Debug|Any CPU
		{2FA03A46-00B7-404C-B6D8-D0F5372327C9}.Debug|Any CPU.Build.0 = Debug|Any CPU
		{2FA03A46-00B7-404C-B6D8-D0F5372327C9}.Release|Any CPU.ActiveCfg = Release|Any CPU
		{2FA03A46-00B7-404C-B6D8-D0F5372327C9}.Release|Any CPU.Build.0 = Release|Any CPU
		{DA062081-4757-4F0B-876D-3E0037C471AA}.Debug|Any CPU.ActiveCfg = Debug|Any CPU
		{DA062081-4757-4F0B-876D-3E0037C471AA}.Debug|Any CPU.Build.0 = Debug|Any CPU
		{DA062081-4757-4F0B-876D-3E0037C471AA}.Debug|Any CPU.Deploy.0 = Debug|Any CPU
		{DA062081-4757-4F0B-876D-3E0037C471AA}.Release|Any CPU.ActiveCfg = Release|Any CPU
		{DA062081-4757-4F0B-876D-3E0037C471AA}.Release|Any CPU.Build.0 = Release|Any CPU
		{DA062081-4757-4F0B-876D-3E0037C471AA}.Release|Any CPU.Deploy.0 = Release|Any CPU
		{84FD3434-DA3F-4335-8142-93E53E062E77}.Debug|Any CPU.ActiveCfg = Debug|Any CPU
		{84FD3434-DA3F-4335-8142-93E53E062E77}.Debug|Any CPU.Build.0 = Debug|Any CPU
		{84FD3434-DA3F-4335-8142-93E53E062E77}.Release|Any CPU.ActiveCfg = Release|Any CPU
		{84FD3434-DA3F-4335-8142-93E53E062E77}.Release|Any CPU.Build.0 = Release|Any CPU
		{E5629569-1EDA-4121-94C5-09A290564049}.Debug|Any CPU.ActiveCfg = Debug|Any CPU
		{E5629569-1EDA-4121-94C5-09A290564049}.Debug|Any CPU.Build.0 = Debug|Any CPU
		{E5629569-1EDA-4121-94C5-09A290564049}.Release|Any CPU.ActiveCfg = Release|Any CPU
		{E5629569-1EDA-4121-94C5-09A290564049}.Release|Any CPU.Build.0 = Release|Any CPU
		{D54DE0C5-2B92-4E12-B4B9-02B7C1ED5A9E}.Debug|Any CPU.ActiveCfg = Debug|Any CPU
		{D54DE0C5-2B92-4E12-B4B9-02B7C1ED5A9E}.Debug|Any CPU.Build.0 = Debug|Any CPU
		{D54DE0C5-2B92-4E12-B4B9-02B7C1ED5A9E}.Release|Any CPU.ActiveCfg = Release|Any CPU
		{D54DE0C5-2B92-4E12-B4B9-02B7C1ED5A9E}.Release|Any CPU.Build.0 = Release|Any CPU
		{EE2B0D46-3E64-46A3-B18A-63815EDECD6D}.Debug|Any CPU.ActiveCfg = Debug|Any CPU
		{EE2B0D46-3E64-46A3-B18A-63815EDECD6D}.Debug|Any CPU.Build.0 = Debug|Any CPU
		{EE2B0D46-3E64-46A3-B18A-63815EDECD6D}.Release|Any CPU.ActiveCfg = Release|Any CPU
		{EE2B0D46-3E64-46A3-B18A-63815EDECD6D}.Release|Any CPU.Build.0 = Release|Any CPU
		{B44D4A2A-5DF2-4242-A5E4-FD82D4E15624}.Debug|Any CPU.ActiveCfg = Debug|Any CPU
		{B44D4A2A-5DF2-4242-A5E4-FD82D4E15624}.Debug|Any CPU.Build.0 = Debug|Any CPU
		{B44D4A2A-5DF2-4242-A5E4-FD82D4E15624}.Release|Any CPU.ActiveCfg = Release|Any CPU
		{B44D4A2A-5DF2-4242-A5E4-FD82D4E15624}.Release|Any CPU.Build.0 = Release|Any CPU
		{8CB25097-4B13-4417-A180-CF5B0888E3AD}.Debug|Any CPU.ActiveCfg = Debug|Any CPU
		{8CB25097-4B13-4417-A180-CF5B0888E3AD}.Debug|Any CPU.Build.0 = Debug|Any CPU
		{8CB25097-4B13-4417-A180-CF5B0888E3AD}.Release|Any CPU.ActiveCfg = Release|Any CPU
		{8CB25097-4B13-4417-A180-CF5B0888E3AD}.Release|Any CPU.Build.0 = Release|Any CPU
		{1943982A-8D1E-45B4-9CC2-3D7F8A001C3B}.Debug|Any CPU.ActiveCfg = Debug|Any CPU
		{1943982A-8D1E-45B4-9CC2-3D7F8A001C3B}.Debug|Any CPU.Build.0 = Debug|Any CPU
		{1943982A-8D1E-45B4-9CC2-3D7F8A001C3B}.Release|Any CPU.ActiveCfg = Release|Any CPU
		{1943982A-8D1E-45B4-9CC2-3D7F8A001C3B}.Release|Any CPU.Build.0 = Release|Any CPU
		{22E1A712-5EDC-4A7E-8440-58858125D597}.Debug|Any CPU.ActiveCfg = Debug|Any CPU
		{22E1A712-5EDC-4A7E-8440-58858125D597}.Debug|Any CPU.Build.0 = Debug|Any CPU
		{22E1A712-5EDC-4A7E-8440-58858125D597}.Release|Any CPU.ActiveCfg = Release|Any CPU
		{22E1A712-5EDC-4A7E-8440-58858125D597}.Release|Any CPU.Build.0 = Release|Any CPU
		{6638E614-ABAF-4A85-8428-629E7F7FA1DD}.Debug|Any CPU.ActiveCfg = Debug|Any CPU
		{6638E614-ABAF-4A85-8428-629E7F7FA1DD}.Debug|Any CPU.Build.0 = Debug|Any CPU
		{6638E614-ABAF-4A85-8428-629E7F7FA1DD}.Release|Any CPU.ActiveCfg = Release|Any CPU
		{6638E614-ABAF-4A85-8428-629E7F7FA1DD}.Release|Any CPU.Build.0 = Release|Any CPU
		{563419FC-CB7A-4BA1-B4AF-0B056AC9B4C2}.Debug|Any CPU.ActiveCfg = Debug|Any CPU
		{563419FC-CB7A-4BA1-B4AF-0B056AC9B4C2}.Debug|Any CPU.Build.0 = Debug|Any CPU
		{563419FC-CB7A-4BA1-B4AF-0B056AC9B4C2}.Release|Any CPU.ActiveCfg = Release|Any CPU
		{563419FC-CB7A-4BA1-B4AF-0B056AC9B4C2}.Release|Any CPU.Build.0 = Release|Any CPU
		{B43E3945-AB93-4C28-95A1-6F575C8AC5EE}.Debug|Any CPU.ActiveCfg = Debug|Any CPU
		{B43E3945-AB93-4C28-95A1-6F575C8AC5EE}.Debug|Any CPU.Build.0 = Debug|Any CPU
		{B43E3945-AB93-4C28-95A1-6F575C8AC5EE}.Release|Any CPU.ActiveCfg = Release|Any CPU
		{B43E3945-AB93-4C28-95A1-6F575C8AC5EE}.Release|Any CPU.Build.0 = Release|Any CPU
		{7A1473C5-AFCF-4061-82B3-1E1E4060DC5F}.Debug|Any CPU.ActiveCfg = Debug|Any CPU
		{7A1473C5-AFCF-4061-82B3-1E1E4060DC5F}.Debug|Any CPU.Build.0 = Debug|Any CPU
		{7A1473C5-AFCF-4061-82B3-1E1E4060DC5F}.Release|Any CPU.ActiveCfg = Release|Any CPU
		{7A1473C5-AFCF-4061-82B3-1E1E4060DC5F}.Release|Any CPU.Build.0 = Release|Any CPU
	EndGlobalSection
	GlobalSection(SolutionProperties) = preSolution
		HideSolutionNode = FALSE
	EndGlobalSection
	GlobalSection(NestedProjects) = preSolution
		{59DFA3C5-B745-4AE7-AAC1-9C0DD38344C9} = {7776DB05-F413-4EEB-912D-3B04E039DD8D}
		{6E9054A7-191A-482C-A943-85C81769263D} = {7776DB05-F413-4EEB-912D-3B04E039DD8D}
		{801F8C89-4C24-4FBC-AB62-2A7AFB7AC67F} = {7776DB05-F413-4EEB-912D-3B04E039DD8D}
		{065AE2A4-7E59-49C6-9DD0-3623698486FB} = {D264DFEE-3D4E-4C90-A8C0-1E2DE570F809}
		{31D6E6E2-5D25-4065-923A-4BE227ABF405} = {7776DB05-F413-4EEB-912D-3B04E039DD8D}
		{AE5CC0FF-6A84-4179-A318-4807020CD9F6} = {7776DB05-F413-4EEB-912D-3B04E039DD8D}
		{AF882894-546D-437B-A1BF-6E779924032D} = {0F73B14D-B1F9-452B-81C4-697811948376}
		{61316759-3E38-450E-AAEC-40EC53137F8E} = {31D6E6E2-5D25-4065-923A-4BE227ABF405}
		{2FA03A46-00B7-404C-B6D8-D0F5372327C9} = {7F6C662C-9745-42DD-9FD8-6CBD9DD8675C}
		{DA062081-4757-4F0B-876D-3E0037C471AA} = {0A6E9442-4C01-4BB2-901A-F016382E9C90}
		{84FD3434-DA3F-4335-8142-93E53E062E77} = {9EA63F78-2BBD-4978-9CAD-042F1AB45381}
		{E5629569-1EDA-4121-94C5-09A290564049} = {9EA63F78-2BBD-4978-9CAD-042F1AB45381}
		{D54DE0C5-2B92-4E12-B4B9-02B7C1ED5A9E} = {9EA63F78-2BBD-4978-9CAD-042F1AB45381}
		{EE2B0D46-3E64-46A3-B18A-63815EDECD6D} = {9EA63F78-2BBD-4978-9CAD-042F1AB45381}
		{B44D4A2A-5DF2-4242-A5E4-FD82D4E15624} = {9EA63F78-2BBD-4978-9CAD-042F1AB45381}
		{8CB25097-4B13-4417-A180-CF5B0888E3AD} = {56856678-AFF5-49C4-A32A-46B27906A0AE}
		{1943982A-8D1E-45B4-9CC2-3D7F8A001C3B} = {AE665EE3-A9B9-46E7-A118-8CECD34A2E6A}
		{22E1A712-5EDC-4A7E-8440-58858125D597} = {F07F44D2-EF11-43E2-9E42-A4BE9D87B450}
		{6638E614-ABAF-4A85-8428-629E7F7FA1DD} = {F07F44D2-EF11-43E2-9E42-A4BE9D87B450}
		{563419FC-CB7A-4BA1-B4AF-0B056AC9B4C2} = {F07F44D2-EF11-43E2-9E42-A4BE9D87B450}
		{B43E3945-AB93-4C28-95A1-6F575C8AC5EE} = {F07F44D2-EF11-43E2-9E42-A4BE9D87B450}
		{7A1473C5-AFCF-4061-82B3-1E1E4060DC5F} = {0BE3A612-B1A6-4854-8577-E95E8620D064}
		{F07F44D2-EF11-43E2-9E42-A4BE9D87B450} = {AE665EE3-A9B9-46E7-A118-8CECD34A2E6A}
		{0A6E9442-4C01-4BB2-901A-F016382E9C90} = {7F6C662C-9745-42DD-9FD8-6CBD9DD8675C}
	EndGlobalSection
	GlobalSection(ExtensibilityGlobals) = postSolution
		SolutionGuid = {4F84E06C-5B88-446F-8BEF-60879A2BE854}
	EndGlobalSection
EndGlobal
